
Microsoft Visual Studio Solution File, Format Version 12.00
# Visual Studio Version 17
VisualStudioVersion = 17.8.34330.188
MinimumVisualStudioVersion = 10.0.40219.1
Project("{FAE04EC0-301F-11D3-BF4B-00C04F79EFBC}") = "Ejemplo1", "Ejemplo1\Ejemplo1.csproj", "{8E2EF295-4097-4459-9BBE-BDF17E4AA317}"
EndProject
Global
	GlobalSection(SolutionConfigurationPlatforms) = preSolution
		Debug|Any CPU = Debug|Any CPU
		Release|Any CPU = Release|Any CPU
	EndGlobalSection
	GlobalSection(ProjectConfigurationPlatforms) = postSolution
		{8E2EF295-4097-4459-9BBE-BDF17E4AA317}.Debug|Any CPU.ActiveCfg = Debug|Any CPU
		{8E2EF295-4097-4459-9BBE-BDF17E4AA317}.Debug|Any CPU.Build.0 = Debug|Any CPU
		{8E2EF295-4097-4459-9BBE-BDF17E4AA317}.Release|Any CPU.ActiveCfg = Release|Any CPU
		{8E2EF295-4097-4459-9BBE-BDF17E4AA317}.Release|Any CPU.Build.0 = Release|Any CPU
	EndGlobalSection
	GlobalSection(SolutionProperties) = preSolution
		HideSolutionNode = FALSE
	EndGlobalSection
	GlobalSection(ExtensibilityGlobals) = postSolution
		SolutionGuid = {7ECA84B7-E3B2-48F7-B169-8FB6F699D30E}
	EndGlobalSection
EndGlobal
